{
  "name": "cloudflare-bot",
  "version": "1.0.0",
  "lockfileVersion": 3,
  "requires": true,
  "packages": {
    "": {
      "name": "cloudflare-bot",
      "version": "1.0.0",
      "license": "ISC",
      "dependencies": {
        "@cf-wasm/resvg": "^0.3.3"
      }
    },
    "node_modules/@cf-wasm/resvg": {
      "version": "0.3.3",
      "resolved": "https://registry.npmjs.org/@cf-wasm/resvg/-/resvg-0.3.3.tgz",
      "integrity": "sha512-UN0cr048AZd0mtJ13ULWgFxlE0nAiBOETTON4r+VEHaaGpDk0oaak2Qurs6mfiBCVKKf2bQmXe8534WJ+o+B+w==",
      "license": "MPL-2.0",
      "dependencies": {
        "@resvg/resvg-wasm": "2.6.2",
        "@resvg/resvg-wasm-legacy": "npm:@resvg/resvg-wasm@2.4.1"
      }
    },
    "node_modules/@resvg/resvg-wasm": {
      "version": "2.6.2",
      "resolved": "https://registry.npmjs.org/@resvg/resvg-wasm/-/resvg-wasm-2.6.2.tgz",
      "integrity": "sha512-FqALmHI8D4o6lk/LRWDnhw95z5eO+eAa6ORjVg09YRR7BkcM6oPHU9uyC0gtQG5vpFLvgpeU4+zEAz2H8APHNw==",
      "license": "MPL-2.0",
      "engines": {
        "node": ">= 10"
      }
    },
    "node_modules/@resvg/resvg-wasm-legacy": {
      "name": "@resvg/resvg-wasm",
      "version": "2.4.1",
      "resolved": "https://registry.npmjs.org/@resvg/resvg-wasm/-/resvg-wasm-2.4.1.tgz",
      "integrity": "sha512-yi6R0HyHtsoWTRA06Col4WoDs7SvlXU3DLMNP2bdAgs7HK18dTEVl1weXgxRzi8gwLteGUbIg29zulxIB3GSdg==",
      "license": "MPL-2.0",
      "engines": {
        "node": ">= 10"
      }
    }
  }
}
